// !$*UTF8*$!
{
	archiveVersion = 1;
	classes = {
	};
	objectVersion = 55;
	objects = {

/* Begin PBXBuildFile section */
		1E2BB0B92816788000699B98 /* AppDelegate.swift in Sources */ = {isa = PBXBuildFile; fileRef = 1E2BB0B82816788000699B98 /* AppDelegate.swift */; };
		1E2BB0BB2816788000699B98 /* SceneDelegate.swift in Sources */ = {isa = PBXBuildFile; fileRef = 1E2BB0BA2816788000699B98 /* SceneDelegate.swift */; };
		1E2BB0BD2816788000699B98 /* ViewController.swift in Sources */ = {isa = PBXBuildFile; fileRef = 1E2BB0BC2816788000699B98 /* ViewController.swift */; };
		1E2BB0C02816788000699B98 /* Main.storyboard in Resources */ = {isa = PBXBuildFile; fileRef = 1E2BB0BE2816788000699B98 /* Main.storyboard */; };
		1E2BB0C22816788200699B98 /* Assets.xcassets in Resources */ = {isa = PBXBuildFile; fileRef = 1E2BB0C12816788200699B98 /* Assets.xcassets */; };
		1E2BB0C52816788200699B98 /* LaunchScreen.storyboard in Resources */ = {isa = PBXBuildFile; fileRef = 1E2BB0C32816788200699B98 /* LaunchScreen.storyboard */; };
		1E2BB0CD2816791100699B98 /* StudentTableViewCell.swift in Sources */ = {isa = PBXBuildFile; fileRef = 1E2BB0CC2816791100699B98 /* StudentTableViewCell.swift */; };
		1E2BB0CF28167E8A00699B98 /* UpdateViewController.swift in Sources */ = {isa = PBXBuildFile; fileRef = 1E2BB0CE28167E8A00699B98 /* UpdateViewController.swift */; };
		1E2BB0D72816CD4900699B98 /* StudentViewModel.swift in Sources */ = {isa = PBXBuildFile; fileRef = 1E2BB0D62816CD4900699B98 /* StudentViewModel.swift */; };
		1E2BB0D92816CE7200699B98 /* StudentModel.swift in Sources */ = {isa = PBXBuildFile; fileRef = 1E2BB0D82816CE7200699B98 /* StudentModel.swift */; };
/* End PBXBuildFile section */

/* Begin PBXFileReference section */
		1E2BB0B52816788000699B98 /* SimpleDemo.app */ = {isa = PBXFileReference; explicitFileType = wrapper.application; includeInIndex = 0; path = SimpleDemo.app; sourceTree = BUILT_PRODUCTS_DIR; };
		1E2BB0B82816788000699B98 /* AppDelegate.swift */ = {isa = PBXFileReference; lastKnownFileType = sourcecode.swift; path = AppDelegate.swift; sourceTree = "<group>"; };
		1E2BB0BA2816788000699B98 /* SceneDelegate.swift */ = {isa = PBXFileReference; lastKnownFileType = sourcecode.swift; path = SceneDelegate.swift; sourceTree = "<group>"; };
		1E2BB0BC2816788000699B98 /* ViewController.swift */ = {isa = PBXFileReference; lastKnownFileType = sourcecode.swift; path = ViewController.swift; sourceTree = "<group>"; };
		1E2BB0BF2816788000699B98 /* Base */ = {isa = PBXFileReference; lastKnownFileType = file.storyboard; name = Base; path = Base.lproj/Main.storyboard; sourceTree = "<group>"; };
		1E2BB0C12816788200699B98 /* Assets.xcassets */ = {isa = PBXFileReference; lastKnownFileType = folder.assetcatalog; path = Assets.xcassets; sourceTree = "<group>"; };
		1E2BB0C42816788200699B98 /* Base */ = {isa = PBXFileReference; lastKnownFileType = file.storyboard; name = Base; path = Base.lproj/LaunchScreen.storyboard; sourceTree = "<group>"; };
		1E2BB0C62816788200699B98 /* Info.plist */ = {isa = PBXFileReference; lastKnownFileType = text.plist.xml; path = Info.plist; sourceTree = "<group>"; };
		1E2BB0CC2816791100699B98 /* StudentTableViewCell.swift */ = {isa = PBXFileReference; lastKnownFileType = sourcecode.swift; path = StudentTableViewCell.swift; sourceTree = "<group>"; };
		1E2BB0CE28167E8A00699B98 /* UpdateViewController.swift */ = {isa = PBXFileReference; lastKnownFileType = sourcecode.swift; path = UpdateViewController.swift; sourceTree = "<group>"; };
		1E2BB0D62816CD4900699B98 /* StudentViewModel.swift */ = {isa = PBXFileReference; lastKnownFileType = sourcecode.swift; path = StudentViewModel.swift; sourceTree = "<group>"; };
		1E2BB0D82816CE7200699B98 /* StudentModel.swift */ = {isa = PBXFileReference; lastKnownFileType = sourcecode.swift; path = StudentModel.swift; sourceTree = "<group>"; };
/* End PBXFileReference section */

/* Begin PBXFrameworksBuildPhase section */
		1E2BB0B22816788000699B98 /* Frameworks */ = {
			isa = PBXFrameworksBuildPhase;
			buildActionMask = 2147483647;
			files = (
			);
			runOnlyForDeploymentPostprocessing = 0;
		};
/* End PBXFrameworksBuildPhase section */

/* Begin PBXGroup section */
		1E2BB0AC2816788000699B98 = {
			isa = PBXGroup;
			children = (
				1E2BB0B72816788000699B98 /* SimpleDemo */,
				1E2BB0B62816788000699B98 /* Products */,
			);
			sourceTree = "<group>";
		};
		1E2BB0B62816788000699B98 /* Products */ = {
			isa = PBXGroup;
			children = (
				1E2BB0B52816788000699B98 /* SimpleDemo.app */,
			);
			name = Products;
			sourceTree = "<group>";
		};
		1E2BB0B72816788000699B98 /* SimpleDemo */ = {
			isa = PBXGroup;
			children = (
				1E2BB0D02816963300699B98 /* Delegates */,
				1E2BB0D22816968000699B98 /* Cell */,
				1E2BB0D5281696EF00699B98 /* ViewModel */,
				1E2BB0D4281696AD00699B98 /* Model */,
				1E2BB0D12816964B00699B98 /* Controller */,
				1E2BB0D32816969B00699B98 /* View */,
				1E2BB0C12816788200699B98 /* Assets.xcassets */,
				1E2BB0C62816788200699B98 /* Info.plist */,
			);
			path = SimpleDemo;
			sourceTree = "<group>";
		};
		1E2BB0D02816963300699B98 /* Delegates */ = {
			isa = PBXGroup;
			children = (
				1E2BB0B82816788000699B98 /* AppDelegate.swift */,
				1E2BB0BA2816788000699B98 /* SceneDelegate.swift */,
			);
			path = Delegates;
			sourceTree = "<group>";
		};
		1E2BB0D12816964B00699B98 /* Controller */ = {
			isa = PBXGroup;
			children = (
				1E2BB0BC2816788000699B98 /* ViewController.swift */,
				1E2BB0CE28167E8A00699B98 /* UpdateViewController.swift */,
			);
			path = Controller;
			sourceTree = "<group>";
		};
		1E2BB0D22816968000699B98 /* Cell */ = {
			isa = PBXGroup;
			children = (
				1E2BB0CC2816791100699B98 /* StudentTableViewCell.swift */,
			);
			path = Cell;
			sourceTree = "<group>";
		};
		1E2BB0D32816969B00699B98 /* View */ = {
			isa = PBXGroup;
			children = (
				1E2BB0BE2816788000699B98 /* Main.storyboard */,
				1E2BB0C32816788200699B98 /* LaunchScreen.storyboard */,
			);
			path = View;
			sourceTree = "<group>";
		};
		1E2BB0D4281696AD00699B98 /* Model */ = {
			isa = PBXGroup;
			children = (
				1E2BB0D82816CE7200699B98 /* StudentModel.swift */,
			);
			path = Model;
			sourceTree = "<group>";
		};
		1E2BB0D5281696EF00699B98 /* ViewModel */ = {
			isa = PBXGroup;
			children = (
				1E2BB0D62816CD4900699B98 /* StudentViewModel.swift */,
			);
			path = ViewModel;
			sourceTree = "<group>";
		};
/* End PBXGroup section */

/* Begin PBXNativeTarget section */
		1E2BB0B42816788000699B98 /* SimpleDemo */ = {
			isa = PBXNativeTarget;
			buildConfigurationList = 1E2BB0C92816788200699B98 /* Build configuration list for PBXNativeTarget "SimpleDemo" */;
			buildPhases = (
				1E2BB0B12816788000699B98 /* Sources */,
				1E2BB0B22816788000699B98 /* Frameworks */,
				1E2BB0B32816788000699B98 /* Resources */,
			);
			buildRules = (
			);
			dependencies = (
			);
			name = SimpleDemo;
			productName = SimpleDemo;
			productReference = 1E2BB0B52816788000699B98 /* SimpleDemo.app */;
			productType = "com.apple.product-type.application";
		};
/* End PBXNativeTarget section */

/* Begin PBXProject section */
		1E2BB0AD2816788000699B98 /* Project object */ = {
			isa = PBXProject;
			attributes = {
				BuildIndependentTargetsInParallel = 1;
				LastSwiftUpdateCheck = 1320;
				LastUpgradeCheck = 1320;
				TargetAttributes = {
					1E2BB0B42816788000699B98 = {
						CreatedOnToolsVersion = 13.2;
					};
				};
			};
			buildConfigurationList = 1E2BB0B02816788000699B98 /* Build configuration list for PBXProject "SimpleDemo" */;
			compatibilityVersion = "Xcode 13.0";
			developmentRegion = en;
			hasScannedForEncodings = 0;
			knownRegions = (
				en,
				Base,
			);
			mainGroup = 1E2BB0AC2816788000699B98;
			productRefGroup = 1E2BB0B62816788000699B98 /* Products */;
			projectDirPath = "";
			projectRoot = "";
			targets = (
				1E2BB0B42816788000699B98 /* SimpleDemo */,
			);
		};
/* End PBXProject section */

/* Begin PBXResourcesBuildPhase section */
		1E2BB0B32816788000699B98 /* Resources */ = {
			isa = PBXResourcesBuildPhase;
			buildActionMask = 2147483647;
			files = (
				1E2BB0C52816788200699B98 /* LaunchScreen.storyboard in Resources */,
				1E2BB0C22816788200699B98 /* Assets.xcassets in Resources */,
				1E2BB0C02816788000699B98 /* Main.storyboard in Resources */,
			);
			runOnlyForDeploymentPostprocessing = 0;
		};
/* End PBXResourcesBuildPhase section */

/* Begin PBXSourcesBuildPhase section */
		1E2BB0B12816788000699B98 /* Sources */ = {
			isa = PBXSourcesBuildPhase;
			buildActionMask = 2147483647;
			files = (
				1E2BB0D92816CE7200699B98 /* StudentModel.swift in Sources */,
				1E2BB0D72816CD4900699B98 /* StudentViewModel.swift in Sources */,
				1E2BB0BD2816788000699B98 /* ViewController.swift in Sources */,
				1E2BB0B92816788000699B98 /* AppDelegate.swift in Sources */,
				1E2BB0BB2816788000699B98 /* SceneDelegate.swift in Sources */,
				1E2BB0CD2816791100699B98 /* StudentTableViewCell.swift in Sources */,
				1E2BB0CF28167E8A00699B98 /* UpdateViewController.swift in Sources */,
			);
			runOnlyForDeploymentPostprocessing = 0;
		};
/* End PBXSourcesBuildPhase section */

/* Begin PBXVariantGroup section */
		1E2BB0BE2816788000699B98 /* Main.storyboard */ = {
			isa = PBXVariantGroup;
			children = (
				1E2BB0BF2816788000699B98 /* Base */,
			);
			name = Main.storyboard;
			sourceTree = "<group>";
		};
		1E2BB0C32816788200699B98 /* LaunchScreen.storyboard */ = {
			isa = PBXVariantGroup;
			children = (
				1E2BB0C42816788200699B98 /* Base */,
			);
			name = LaunchScreen.storyboard;
			sourceTree = "<group>";
		};
/* End PBXVariantGroup section */

/* Begin XCBuildConfiguration section */
		1E2BB0C72816788200699B98 /* Debug */ = {
			isa = XCBuildConfiguration;
			buildSettings = {
				ALWAYS_SEARCH_USER_PATHS = NO;
				CLANG_ANALYZER_NONNULL = YES;
				CLANG_ANALYZER_NUMBER_OBJECT_CONVERSION = YES_AGGRESSIVE;
				CLANG_CXX_LANGUAGE_STANDARD = "gnu++17";
				CLANG_CXX_LIBRARY = "libc++";
				CLANG_ENABLE_MODULES = YES;
				CLANG_ENABLE_OBJC_ARC = YES;
				CLANG_ENABLE_OBJC_WEAK = YES;
				CLANG_WARN_BLOCK_CAPTURE_AUTORELEASING = YES;
				CLANG_WARN_BOOL_CONVERSION = YES;
				CLANG_WARN_COMMA = YES;
				CLANG_WARN_CONSTANT_CONVERSION = YES;
				CLANG_WARN_DEPRECATED_OBJC_IMPLEMENTATIONS = YES;
				CLANG_WARN_DIRECT_OBJC_ISA_USAGE = YES_ERROR;
				CLANG_WARN_DOCUMENTATION_COMMENTS = YES;
				CLANG_WARN_EMPTY_BODY = YES;
				CLANG_WARN_ENUM_CONVERSION = YES;
				CLANG_WARN_INFINITE_RECURSION = YES;
				CLANG_WARN_INT_CONVERSION = YES;
				CLANG_WARN_NON_LITERAL_NULL_CONVERSION = YES;
				CLANG_WARN_OBJC_IMPLICIT_RETAIN_SELF = YES;
				CLANG_WARN_OBJC_LITERAL_CONVERSION = YES;
				CLANG_WARN_OBJC_ROOT_CLASS = YES_ERROR;
				CLANG_WARN_QUOTED_INCLUDE_IN_FRAMEWORK_HEADER = YES;
				CLANG_WARN_RANGE_LOOP_ANALYSIS = YES;
				CLANG_WARN_STRICT_PROTOTYPES = YES;
				CLANG_WARN_SUSPICIOUS_MOVE = YES;
				CLANG_WARN_UNGUARDED_AVAILABILITY = YES_AGGRESSIVE;
				CLANG_WARN_UNREACHABLE_CODE = YES;
				CLANG_WARN__DUPLICATE_METHOD_MATCH = YES;
				COPY_PHASE_STRIP = NO;
				DEBUG_INFORMATION_FORMAT = dwarf;
				ENABLE_STRICT_OBJC_MSGSEND = YES;
				ENABLE_TESTABILITY = YES;
				GCC_C_LANGUAGE_STANDARD = gnu11;
				GCC_DYNAMIC_NO_PIC = NO;
				GCC_NO_COMMON_BLOCKS = YES;
				GCC_OPTIMIZATION_LEVEL = 0;
				GCC_PREPROCESSOR_DEFINITIONS = (
					"DEBUG=1",
					"$(inherited)",
				);
				GCC_WARN_64_TO_32_BIT_CONVERSION = YES;
				GCC_WARN_ABOUT_RETURN_TYPE = YES_ERROR;
				GCC_WARN_UNDECLARED_SELECTOR = YES;
				GCC_WARN_UNINITIALIZED_AUTOS = YES_AGGRESSIVE;
				GCC_WARN_UNUSED_FUNCTION = YES;
				GCC_WARN_UNUSED_VARIABLE = YES;
				IPHONEOS_DEPLOYMENT_TARGET = 15.2;
				MTL_ENABLE_DEBUG_INFO = INCLUDE_SOURCE;
				MTL_FAST_MATH = YES;
				ONLY_ACTIVE_ARCH = YES;
				SDKROOT = iphoneos;
				SWIFT_ACTIVE_COMPILATION_CONDITIONS = DEBUG;
				SWIFT_OPTIMIZATION_LEVEL = "-Onone";
			};
			name = Debug;
		};
		1E2BB0C82816788200699B98 /* Release */ = {
			isa = XCBuildConfiguration;
			buildSettings = {
				ALWAYS_SEARCH_USER_PATHS = NO;
				CLANG_ANALYZER_NONNULL = YES;
				CLANG_ANALYZER_NUMBER_OBJECT_CONVERSION = YES_AGGRESSIVE;
				CLANG_CXX_LANGUAGE_STANDARD = "gnu++17";
				CLANG_CXX_LIBRARY = "libc++";
				CLANG_ENABLE_MODULES = YES;
				CLANG_ENABLE_OBJC_ARC = YES;
				CLANG_ENABLE_OBJC_WEAK = YES;
				CLANG_WARN_BLOCK_CAPTURE_AUTORELEASING = YES;
				CLANG_WARN_BOOL_CONVERSION = YES;
				CLANG_WARN_COMMA = YES;
				CLANG_WARN_CONSTANT_CONVERSION = YES;
				CLANG_WARN_DEPRECATED_OBJC_IMPLEMENTATIONS = YES;
				CLANG_WARN_DIRECT_OBJC_ISA_USAGE = YES_ERROR;
				CLANG_WARN_DOCUMENTATION_COMMENTS = YES;
				CLANG_WARN_EMPTY_BODY = YES;
				CLANG_WARN_ENUM_CONVERSION = YES;
				CLANG_WARN_INFINITE_RECURSION = YES;
				CLANG_WARN_INT_CONVERSION = YES;
				CLANG_WARN_NON_LITERAL_NULL_CONVERSION = YES;
				CLANG_WARN_OBJC_IMPLICIT_RETAIN_SELF = YES;
				CLANG_WARN_OBJC_LITERAL_CONVERSION = YES;
				CLANG_WARN_OBJC_ROOT_CLASS = YES_ERROR;
				CLANG_WARN_QUOTED_INCLUDE_IN_FRAMEWORK_HEADER = YES;
				CLANG_WARN_RANGE_LOOP_ANALYSIS = YES;
				CLANG_WARN_STRICT_PROTOTYPES = YES;
				CLANG_WARN_SUSPICIOUS_MOVE = YES;
				CLANG_WARN_UNGUARDED_AVAILABILITY = YES_AGGRESSIVE;
				CLANG_WARN_UNREACHABLE_CODE = YES;
				CLANG_WARN__DUPLICATE_METHOD_MATCH = YES;
				COPY_PHASE_STRIP = NO;
				DEBUG_INFORMATION_FORMAT = "dwarf-with-dsym";
				ENABLE_NS_ASSERTIONS = NO;
				ENABLE_STRICT_OBJC_MSGSEND = YES;
				GCC_C_LANGUAGE_STANDARD = gnu11;
				GCC_NO_COMMON_BLOCKS = YES;
				GCC_WARN_64_TO_32_BIT_CONVERSION = YES;
				GCC_WARN_ABOUT_RETURN_TYPE = YES_ERROR;
				GCC_WARN_UNDECLARED_SELECTOR = YES;
				GCC_WARN_UNINITIALIZED_AUTOS = YES_AGGRESSIVE;
				GCC_WARN_UNUSED_FUNCTION = YES;
				GCC_WARN_UNUSED_VARIABLE = YES;
				IPHONEOS_DEPLOYMENT_TARGET = 15.2;
				MTL_ENABLE_DEBUG_INFO = NO;
				MTL_FAST_MATH = YES;
				SDKROOT = iphoneos;
				SWIFT_COMPILATION_MODE = wholemodule;
				SWIFT_OPTIMIZATION_LEVEL = "-O";
				VALIDATE_PRODUCT = YES;
			};
			name = Release;
		};
		1E2BB0CA2816788200699B98 /* Debug */ = {
			isa = XCBuildConfiguration;
			buildSettings = {
				ASSETCATALOG_COMPILER_APPICON_NAME = AppIcon;
				ASSETCATALOG_COMPILER_GLOBAL_ACCENT_COLOR_NAME = AccentColor;
				CODE_SIGN_STYLE = Automatic;
				CURRENT_PROJECT_VERSION = 1;
				GENERATE_INFOPLIST_FILE = YES;
				INFOPLIST_FILE = SimpleDemo/Info.plist;
				INFOPLIST_KEY_UIApplicationSupportsIndirectInputEvents = YES;
				INFOPLIST_KEY_UILaunchStoryboardName = LaunchScreen;
				INFOPLIST_KEY_UIMainStoryboardFile = Main;
				INFOPLIST_KEY_UISupportedInterfaceOrientations_iPad = "UIInterfaceOrientationPortrait UIInterfaceOrientationPortraitUpsideDown UIInterfaceOrientationLandscapeLeft UIInterfaceOrientationLandscapeRight";
				INFOPLIST_KEY_UISupportedInterfaceOrientations_iPhone = "UIInterfaceOrientationPortrait UIInterfaceOrientationLandscapeLeft UIInterfaceOrientationLandscapeRight";
				LD_RUNPATH_SEARCH_PATHS = (
					"$(inherited)",
					"@executable_path/Frameworks",
				);
				MARKETING_VERSION = 1.0;
				PRODUCT_BUNDLE_IDENTIFIER = com.practice.SimpleDemo;
				PRODUCT_NAME = "$(TARGET_NAME)";
				SWIFT_EMIT_LOC_STRINGS = YES;
				SWIFT_VERSION = 5.0;
				TARGETED_DEVICE_FAMILY = "1,2";
			};
			name = Debug;
		};
		1E2BB0CB2816788200699B98 /* Release */ = {
			isa = XCBuildConfiguration;
			buildSettings = {
				ASSETCATALOG_COMPILER_APPICON_NAME = AppIcon;
				ASSETCATALOG_COMPILER_GLOBAL_ACCENT_COLOR_NAME = AccentColor;
				CODE_SIGN_STYLE = Automatic;
				CURRENT_PROJECT_VERSION = 1;
				GENERATE_INFOPLIST_FILE = YES;
				INFOPLIST_FILE = SimpleDemo/Info.plist;
				INFOPLIST_KEY_UIApplicationSupportsIndirectInputEvents = YES;
				INFOPLIST_KEY_UILaunchStoryboardName = LaunchScreen;
				INFOPLIST_KEY_UIMainStoryboardFile = Main;
				INFOPLIST_KEY_UISupportedInterfaceOrientations_iPad = "UIInterfaceOrientationPortrait UIInterfaceOrientationPortraitUpsideDown UIInterfaceOrientationLandscapeLeft UIInterfaceOrientationLandscapeRight";
				INFOPLIST_KEY_UISupportedInterfaceOrientations_iPhone = "UIInterfaceOrientationPortrait UIInterfaceOrientationLandscapeLeft UIInterfaceOrientationLandscapeRight";
				LD_RUNPATH_SEARCH_PATHS = (
					"$(inherited)",
					"@executable_path/Frameworks",
				);
				MARKETING_VERSION = 1.0;
				PRODUCT_BUNDLE_IDENTIFIER = com.practice.SimpleDemo;
				PRODUCT_NAME = "$(TARGET_NAME)";
				SWIFT_EMIT_LOC_STRINGS = YES;
				SWIFT_VERSION = 5.0;
				TARGETED_DEVICE_FAMILY = "1,2";
			};
			name = Release;
		};
/* End XCBuildConfiguration section */

/* Begin XCConfigurationList section */
		1E2BB0B02816788000699B98 /* Build configuration list for PBXProject "SimpleDemo" */ = {
			isa = XCConfigurationList;
			buildConfigurations = (
				1E2BB0C72816788200699B98 /* Debug */,
				1E2BB0C82816788200699B98 /* Release */,
			);
			defaultConfigurationIsVisible = 0;
			defaultConfigurationName = Release;
		};
		1E2BB0C92816788200699B98 /* Build configuration list for PBXNativeTarget "SimpleDemo" */ = {
			isa = XCConfigurationList;
			buildConfigurations = (
				1E2BB0CA2816788200699B98 /* Debug */,
				1E2BB0CB2816788200699B98 /* Release */,
			);
			defaultConfigurationIsVisible = 0;
			defaultConfigurationName = Release;
		};
/* End XCConfigurationList section */
	};
	rootObject = 1E2BB0AD2816788000699B98 /* Project object */;
}
